
Microsoft Visual Studio Solution File, Format Version 12.00
# Visual Studio 15
VisualStudioVersion = 15.0.27428.2027
MinimumVisualStudioVersion = 10.0.40219.1
Project("{FAE04EC0-301F-11D3-BF4B-00C04F79EFBC}") = "Algorithm", "Algorithm\Algorithm.csproj", "{CC764746-7469-4191-BDFC-1A2CB2FBFB47}"
EndProject
Project("{FAE04EC0-301F-11D3-BF4B-00C04F79EFBC}") = "Algorithm.Tests", "Algorithm.Tests\Algorithm.Tests.csproj", "{74794526-E908-4455-8C6C-94F28A03295B}"
EndProject
Project("{2150E333-8FDC-42A3-9474-1A3956D46DE8}") = "Solution Items", "Solution Items", "{88981C42-2169-4B1C-B8C1-EBD37DE4D03C}"
	ProjectSection(SolutionItems) = preProject
		README.md = README.md
	EndProjectSection
EndProject
Global
	GlobalSection(SolutionConfigurationPlatforms) = preSolution
		Debug|Any CPU = Debug|Any CPU
		Release|Any CPU = Release|Any CPU
	EndGlobalSection
	GlobalSection(ProjectConfigurationPlatforms) = postSolution
		{CC764746-7469-4191-BDFC-1A2CB2FBFB47}.Debug|Any CPU.ActiveCfg = Debug|Any CPU
		{CC764746-7469-4191-BDFC-1A2CB2FBFB47}.Debug|Any CPU.Build.0 = Debug|Any CPU
		{CC764746-7469-4191-BDFC-1A2CB2FBFB47}.Release|Any CPU.ActiveCfg = Release|Any CPU
		{CC764746-7469-4191-BDFC-1A2CB2FBFB47}.Release|Any CPU.Build.0 = Release|Any CPU
		{74794526-E908-4455-8C6C-94F28A03295B}.Debug|Any CPU.ActiveCfg = Debug|Any CPU
		{74794526-E908-4455-8C6C-94F28A03295B}.Debug|Any CPU.Build.0 = Debug|Any CPU
		{74794526-E908-4455-8C6C-94F28A03295B}.Release|Any CPU.ActiveCfg = Release|Any CPU
		{74794526-E908-4455-8C6C-94F28A03295B}.Release|Any CPU.Build.0 = Release|Any CPU
	EndGlobalSection
	GlobalSection(SolutionProperties) = preSolution
		HideSolutionNode = FALSE
	EndGlobalSection
	GlobalSection(ExtensibilityGlobals) = postSolution
		SolutionGuid = {04BAD2B7-EE10-424A-8CB0-EA570108FA53}
	EndGlobalSection
EndGlobal
